
Microsoft Visual Studio Solution File, Format Version 12.00
# Visual Studio Version 16
VisualStudioVersion = 16.0.31129.286
MinimumVisualStudioVersion = 10.0.40219.1
Project("{FAE04EC0-301F-11D3-BF4B-00C04F79EFBC}") = "UI", "UI\UI.csproj", "{7E83FEF2-F3D1-497D-B144-53096FC0CB40}"
EndProject
Project("{FAE04EC0-301F-11D3-BF4B-00C04F79EFBC}") = "BUSINESS", "BUSINESS\BUSINESS.csproj", "{D4F745D1-4ED1-4756-866B-92FC5246DCCC}"
EndProject
Project("{FAE04EC0-301F-11D3-BF4B-00C04F79EFBC}") = "DAL", "DAL\DAL.csproj", "{206CCFE5-F2B4-4873-BE6A-761DEF57632D}"
EndProject
Global
	GlobalSection(SolutionConfigurationPlatforms) = preSolution
		Debug|Any CPU = Debug|Any CPU
		Release|Any CPU = Release|Any CPU
	EndGlobalSection
	GlobalSection(ProjectConfigurationPlatforms) = postSolution
		{7E83FEF2-F3D1-497D-B144-53096FC0CB40}.Debug|Any CPU.ActiveCfg = Debug|Any CPU
		{7E83FEF2-F3D1-497D-B144-53096FC0CB40}.Debug|Any CPU.Build.0 = Debug|Any CPU
		{7E83FEF2-F3D1-497D-B144-53096FC0CB40}.Release|Any CPU.ActiveCfg = Release|Any CPU
		{7E83FEF2-F3D1-497D-B144-53096FC0CB40}.Release|Any CPU.Build.0 = Release|Any CPU
		{D4F745D1-4ED1-4756-866B-92FC5246DCCC}.Debug|Any CPU.ActiveCfg = Debug|Any CPU
		{D4F745D1-4ED1-4756-866B-92FC5246DCCC}.Debug|Any CPU.Build.0 = Debug|Any CPU
		{D4F745D1-4ED1-4756-866B-92FC5246DCCC}.Release|Any CPU.ActiveCfg = Release|Any CPU
		{D4F745D1-4ED1-4756-866B-92FC5246DCCC}.Release|Any CPU.Build.0 = Release|Any CPU
		{206CCFE5-F2B4-4873-BE6A-761DEF57632D}.Debug|Any CPU.ActiveCfg = Debug|Any CPU
		{206CCFE5-F2B4-4873-BE6A-761DEF57632D}.Debug|Any CPU.Build.0 = Debug|Any CPU
		{206CCFE5-F2B4-4873-BE6A-761DEF57632D}.Release|Any CPU.ActiveCfg = Release|Any CPU
		{206CCFE5-F2B4-4873-BE6A-761DEF57632D}.Release|Any CPU.Build.0 = Release|Any CPU
	EndGlobalSection
	GlobalSection(SolutionProperties) = preSolution
		HideSolutionNode = FALSE
	EndGlobalSection
	GlobalSection(ExtensibilityGlobals) = postSolution
		SolutionGuid = {86AB294B-5CAE-48D0-BE8C-B806F0FF32B8}
	EndGlobalSection
EndGlobal
